
Microsoft Visual Studio Solution File, Format Version 12.00
# Visual Studio Version 16
VisualStudioVersion = 16.0.31112.23
MinimumVisualStudioVersion = 10.0.40219.1
Project("{FAE04EC0-301F-11D3-BF4B-00C04F79EFBC}") = "ConjuntoApiSprint6", "ConjuntoApiSprint6\ConjuntoApiSprint6.csproj", "{F799B452-3A6B-43B1-ACBC-296FD142F31E}"
EndProject
Global
	GlobalSection(SolutionConfigurationPlatforms) = preSolution
		Debug|Any CPU = Debug|Any CPU
		Release|Any CPU = Release|Any CPU
	EndGlobalSection
	GlobalSection(ProjectConfigurationPlatforms) = postSolution
		{F799B452-3A6B-43B1-ACBC-296FD142F31E}.Debug|Any CPU.ActiveCfg = Debug|Any CPU
		{F799B452-3A6B-43B1-ACBC-296FD142F31E}.Debug|Any CPU.Build.0 = Debug|Any CPU
		{F799B452-3A6B-43B1-ACBC-296FD142F31E}.Release|Any CPU.ActiveCfg = Release|Any CPU
		{F799B452-3A6B-43B1-ACBC-296FD142F31E}.Release|Any CPU.Build.0 = Release|Any CPU
	EndGlobalSection
	GlobalSection(SolutionProperties) = preSolution
		HideSolutionNode = FALSE
	EndGlobalSection
	GlobalSection(ExtensibilityGlobals) = postSolution
		SolutionGuid = {55B86355-8BEA-4C4A-8354-8F70CBA141BA}
	EndGlobalSection
EndGlobal
