
Microsoft Visual Studio Solution File, Format Version 12.00
# Visual Studio Version 16
VisualStudioVersion = 16.0.31112.23
MinimumVisualStudioVersion = 10.0.40219.1
Project("{FAE04EC0-301F-11D3-BF4B-00C04F79EFBC}") = "ConjuntoApiSprint6", "ConjuntoApiSprint6\ConjuntoApiSprint6.csproj", "{38F00842-EA27-4223-A585-DB7A9212EF72}"
EndProject
Global
	GlobalSection(SolutionConfigurationPlatforms) = preSolution
		Debug|Any CPU = Debug|Any CPU
		Release|Any CPU = Release|Any CPU
	EndGlobalSection
	GlobalSection(ProjectConfigurationPlatforms) = postSolution
		{38F00842-EA27-4223-A585-DB7A9212EF72}.Debug|Any CPU.ActiveCfg = Debug|Any CPU
		{38F00842-EA27-4223-A585-DB7A9212EF72}.Debug|Any CPU.Build.0 = Debug|Any CPU
		{38F00842-EA27-4223-A585-DB7A9212EF72}.Release|Any CPU.ActiveCfg = Release|Any CPU
		{38F00842-EA27-4223-A585-DB7A9212EF72}.Release|Any CPU.Build.0 = Release|Any CPU
	EndGlobalSection
	GlobalSection(SolutionProperties) = preSolution
		HideSolutionNode = FALSE
	EndGlobalSection
	GlobalSection(ExtensibilityGlobals) = postSolution
		SolutionGuid = {32A7EDD5-3E90-4E35-99D0-07F0A70A6A2E}
	EndGlobalSection
EndGlobal
